
Microsoft Visual Studio Solution File, Format Version 12.00
# Visual Studio Version 17
VisualStudioVersion = 17.10.35013.160
MinimumVisualStudioVersion = 10.0.40219.1
Project("{FAE04EC0-301F-11D3-BF4B-00C04F79EFBC}") = "CurdDeYoutube", "CurdDeYoutube\CurdDeYoutube.csproj", "{ACA69C25-C110-4F5C-94A5-23E511063471}"
EndProject
Global
	GlobalSection(SolutionConfigurationPlatforms) = preSolution
		Debug|Any CPU = Debug|Any CPU
		Release|Any CPU = Release|Any CPU
	EndGlobalSection
	GlobalSection(ProjectConfigurationPlatforms) = postSolution
		{ACA69C25-C110-4F5C-94A5-23E511063471}.Debug|Any CPU.ActiveCfg = Debug|Any CPU
		{ACA69C25-C110-4F5C-94A5-23E511063471}.Debug|Any CPU.Build.0 = Debug|Any CPU
		{ACA69C25-C110-4F5C-94A5-23E511063471}.Release|Any CPU.ActiveCfg = Release|Any CPU
		{ACA69C25-C110-4F5C-94A5-23E511063471}.Release|Any CPU.Build.0 = Release|Any CPU
	EndGlobalSection
	GlobalSection(SolutionProperties) = preSolution
		HideSolutionNode = FALSE
	EndGlobalSection
	GlobalSection(ExtensibilityGlobals) = postSolution
		SolutionGuid = {9BAB353E-5C78-48CA-BDB8-07CBBFB6AD4B}
	EndGlobalSection
EndGlobal
